
Microsoft Visual Studio Solution File, Format Version 12.00
# Visual Studio Version 17
VisualStudioVersion = 17.0.32112.339
MinimumVisualStudioVersion = 10.0.40219.1
Project("{9A19103F-16F7-4668-BE54-9A1E7A4F7556}") = "RandomNumberGenerator", "RandomNumberGenerator\RandomNumberGenerator.csproj", "{A82AA8F7-4CA1-4377-8A26-7ABC87B292F3}"
EndProject
Global
	GlobalSection(SolutionConfigurationPlatforms) = preSolution
		Debug|Any CPU = Debug|Any CPU
		Release|Any CPU = Release|Any CPU
	EndGlobalSection
	GlobalSection(ProjectConfigurationPlatforms) = postSolution
		{A82AA8F7-4CA1-4377-8A26-7ABC87B292F3}.Debug|Any CPU.ActiveCfg = Debug|Any CPU
		{A82AA8F7-4CA1-4377-8A26-7ABC87B292F3}.Debug|Any CPU.Build.0 = Debug|Any CPU
		{A82AA8F7-4CA1-4377-8A26-7ABC87B292F3}.Release|Any CPU.ActiveCfg = Release|Any CPU
		{A82AA8F7-4CA1-4377-8A26-7ABC87B292F3}.Release|Any CPU.Build.0 = Release|Any CPU
	EndGlobalSection
	GlobalSection(SolutionProperties) = preSolution
		HideSolutionNode = FALSE
	EndGlobalSection
	GlobalSection(ExtensibilityGlobals) = postSolution
		SolutionGuid = {6E5EC63C-8E78-412B-A068-F31581535F63}
	EndGlobalSection
EndGlobal
